
Microsoft Visual Studio Solution File, Format Version 12.00
# Visual Studio 2012
VisualStudioVersion = 14.0.24720.0
MinimumVisualStudioVersion = 10.0.40219.1
Project("{FAE04EC0-301F-11D3-BF4B-00C04F79EFBC}") = "Day01", "Day01\Day01.csproj", "{57F70DD6-6616-4F3B-B561-DC16F717289A}"
EndProject
Project("{FAE04EC0-301F-11D3-BF4B-00C04F79EFBC}") = "Day02", "Day02\Day02.csproj", "{42593F64-ED8A-46BA-849A-09A67C0732A0}"
EndProject
Project("{FAE04EC0-301F-11D3-BF4B-00C04F79EFBC}") = "Day03", "Day03\Day03.csproj", "{B103188E-D2E6-4A73-B85D-DC6C42138006}"
EndProject
Project("{FAE04EC0-301F-11D3-BF4B-00C04F79EFBC}") = "Day04", "Day04\Day04.csproj", "{59122C6B-8CB4-4C45-9B6E-565EAFAD6688}"
EndProject
Project("{FAE04EC0-301F-11D3-BF4B-00C04F79EFBC}") = "Day05", "Day05\Day05.csproj", "{6D7F9288-B454-49FC-896C-FF76214193DD}"
EndProject
Project("{FAE04EC0-301F-11D3-BF4B-00C04F79EFBC}") = "Day06", "Day06\Day06.csproj", "{E986A4AA-780C-4686-910C-6B9854F34F92}"
EndProject
Project("{FAE04EC0-301F-11D3-BF4B-00C04F79EFBC}") = "Day07", "Day07\Day07.csproj", "{72BAD78D-F0FC-466F-99E8-C63E14D483F8}"
EndProject
Project("{FAE04EC0-301F-11D3-BF4B-00C04F79EFBC}") = "Day08", "Day08\Day08.csproj", "{351DFCB7-B329-4109-A678-754D6893FFC9}"
EndProject
Project("{FAE04EC0-301F-11D3-BF4B-00C04F79EFBC}") = "Day09", "Day09\Day09.csproj", "{A4C9E0B8-3D9F-4AE0-B9C0-CEB150706BCE}"
EndProject
Project("{FAE04EC0-301F-11D3-BF4B-00C04F79EFBC}") = "Day10", "Day10\Day10.csproj", "{D32EFB37-3BDC-4976-9CDE-CBAEC26C44E7}"
EndProject
Project("{FAE04EC0-301F-11D3-BF4B-00C04F79EFBC}") = "Day11", "Day11\Day11.csproj", "{08EC23F8-FE5E-4243-ACEC-8D3F4C453ACF}"
EndProject
Global
	GlobalSection(SolutionConfigurationPlatforms) = preSolution
		Debug|Any CPU = Debug|Any CPU
		Release|Any CPU = Release|Any CPU
	EndGlobalSection
	GlobalSection(ProjectConfigurationPlatforms) = postSolution
		{08EC23F8-FE5E-4243-ACEC-8D3F4C453ACF}.Debug|Any CPU.ActiveCfg = Debug|Any CPU
		{08EC23F8-FE5E-4243-ACEC-8D3F4C453ACF}.Debug|Any CPU.Build.0 = Debug|Any CPU
		{08EC23F8-FE5E-4243-ACEC-8D3F4C453ACF}.Release|Any CPU.ActiveCfg = Release|Any CPU
		{08EC23F8-FE5E-4243-ACEC-8D3F4C453ACF}.Release|Any CPU.Build.0 = Release|Any CPU
		{351DFCB7-B329-4109-A678-754D6893FFC9}.Debug|Any CPU.ActiveCfg = Debug|Any CPU
		{351DFCB7-B329-4109-A678-754D6893FFC9}.Debug|Any CPU.Build.0 = Debug|Any CPU
		{351DFCB7-B329-4109-A678-754D6893FFC9}.Release|Any CPU.ActiveCfg = Release|Any CPU
		{351DFCB7-B329-4109-A678-754D6893FFC9}.Release|Any CPU.Build.0 = Release|Any CPU
		{42593F64-ED8A-46BA-849A-09A67C0732A0}.Debug|Any CPU.ActiveCfg = Debug|Any CPU
		{42593F64-ED8A-46BA-849A-09A67C0732A0}.Debug|Any CPU.Build.0 = Debug|Any CPU
		{42593F64-ED8A-46BA-849A-09A67C0732A0}.Release|Any CPU.ActiveCfg = Release|Any CPU
		{42593F64-ED8A-46BA-849A-09A67C0732A0}.Release|Any CPU.Build.0 = Release|Any CPU
		{57F70DD6-6616-4F3B-B561-DC16F717289A}.Debug|Any CPU.ActiveCfg = Debug|Any CPU
		{57F70DD6-6616-4F3B-B561-DC16F717289A}.Debug|Any CPU.Build.0 = Debug|Any CPU
		{57F70DD6-6616-4F3B-B561-DC16F717289A}.Release|Any CPU.ActiveCfg = Release|Any CPU
		{57F70DD6-6616-4F3B-B561-DC16F717289A}.Release|Any CPU.Build.0 = Release|Any CPU
		{59122C6B-8CB4-4C45-9B6E-565EAFAD6688}.Debug|Any CPU.ActiveCfg = Debug|Any CPU
		{59122C6B-8CB4-4C45-9B6E-565EAFAD6688}.Debug|Any CPU.Build.0 = Debug|Any CPU
		{59122C6B-8CB4-4C45-9B6E-565EAFAD6688}.Release|Any CPU.ActiveCfg = Release|Any CPU
		{59122C6B-8CB4-4C45-9B6E-565EAFAD6688}.Release|Any CPU.Build.0 = Release|Any CPU
		{6D7F9288-B454-49FC-896C-FF76214193DD}.Debug|Any CPU.ActiveCfg = Debug|Any CPU
		{6D7F9288-B454-49FC-896C-FF76214193DD}.Debug|Any CPU.Build.0 = Debug|Any CPU
		{6D7F9288-B454-49FC-896C-FF76214193DD}.Release|Any CPU.ActiveCfg = Release|Any CPU
		{6D7F9288-B454-49FC-896C-FF76214193DD}.Release|Any CPU.Build.0 = Release|Any CPU
		{72BAD78D-F0FC-466F-99E8-C63E14D483F8}.Debug|Any CPU.ActiveCfg = Debug|Any CPU
		{72BAD78D-F0FC-466F-99E8-C63E14D483F8}.Debug|Any CPU.Build.0 = Debug|Any CPU
		{72BAD78D-F0FC-466F-99E8-C63E14D483F8}.Release|Any CPU.ActiveCfg = Release|Any CPU
		{72BAD78D-F0FC-466F-99E8-C63E14D483F8}.Release|Any CPU.Build.0 = Release|Any CPU
		{A4C9E0B8-3D9F-4AE0-B9C0-CEB150706BCE}.Debug|Any CPU.ActiveCfg = Debug|Any CPU
		{A4C9E0B8-3D9F-4AE0-B9C0-CEB150706BCE}.Debug|Any CPU.Build.0 = Debug|Any CPU
		{A4C9E0B8-3D9F-4AE0-B9C0-CEB150706BCE}.Release|Any CPU.ActiveCfg = Release|Any CPU
		{A4C9E0B8-3D9F-4AE0-B9C0-CEB150706BCE}.Release|Any CPU.Build.0 = Release|Any CPU
		{B103188E-D2E6-4A73-B85D-DC6C42138006}.Debug|Any CPU.ActiveCfg = Debug|Any CPU
		{B103188E-D2E6-4A73-B85D-DC6C42138006}.Debug|Any CPU.Build.0 = Debug|Any CPU
		{B103188E-D2E6-4A73-B85D-DC6C42138006}.Release|Any CPU.ActiveCfg = Release|Any CPU
		{B103188E-D2E6-4A73-B85D-DC6C42138006}.Release|Any CPU.Build.0 = Release|Any CPU
		{D32EFB37-3BDC-4976-9CDE-CBAEC26C44E7}.Debug|Any CPU.ActiveCfg = Debug|Any CPU
		{D32EFB37-3BDC-4976-9CDE-CBAEC26C44E7}.Debug|Any CPU.Build.0 = Debug|Any CPU
		{D32EFB37-3BDC-4976-9CDE-CBAEC26C44E7}.Release|Any CPU.ActiveCfg = Release|Any CPU
		{D32EFB37-3BDC-4976-9CDE-CBAEC26C44E7}.Release|Any CPU.Build.0 = Release|Any CPU
		{E986A4AA-780C-4686-910C-6B9854F34F92}.Debug|Any CPU.ActiveCfg = Debug|Any CPU
		{E986A4AA-780C-4686-910C-6B9854F34F92}.Debug|Any CPU.Build.0 = Debug|Any CPU
		{E986A4AA-780C-4686-910C-6B9854F34F92}.Release|Any CPU.ActiveCfg = Release|Any CPU
		{E986A4AA-780C-4686-910C-6B9854F34F92}.Release|Any CPU.Build.0 = Release|Any CPU
	EndGlobalSection
	GlobalSection(MonoDevelopProperties) = preSolution
		Policies = $0
		$0.TextStylePolicy = $1
		$1.FileWidth = 120
		$1.TabWidth = 2
		$1.IndentWidth = 2
		$1.inheritsSet = Mono
		$1.inheritsScope = text/plain
		$1.scope = text/x-csharp
		$0.CSharpFormattingPolicy = $2
		$2.IndentSwitchBody = True
		$2.NamespaceBraceStyle = EndOfLine
		$2.ClassBraceStyle = EndOfLine
		$2.InterfaceBraceStyle = EndOfLine
		$2.StructBraceStyle = EndOfLine
		$2.EnumBraceStyle = EndOfLine
		$2.MethodBraceStyle = EndOfLine
		$2.ConstructorBraceStyle = EndOfLine
		$2.DestructorBraceStyle = EndOfLine
		$2.BeforeMethodDeclarationParentheses = False
		$2.BeforeMethodCallParentheses = False
		$2.BeforeConstructorDeclarationParentheses = False
		$2.BeforeIndexerDeclarationBracket = False
		$2.BeforeDelegateDeclarationParentheses = False
		$2.AfterDelegateDeclarationParameterComma = True
		$2.NewParentheses = False
		$2.IfParentheses = False
		$2.WhileParentheses = False
		$2.ForParentheses = False
		$2.CatchParentheses = False
		$2.SwitchParentheses = False
		$2.LockParentheses = False
		$2.UsingParentheses = False
		$2.SpacesBeforeBrackets = False
		$2.inheritsSet = Mono
		$2.inheritsScope = text/x-csharp
		$2.scope = text/x-csharp
	EndGlobalSection
	GlobalSection(SolutionProperties) = preSolution
		HideSolutionNode = FALSE
	EndGlobalSection
EndGlobal
