
Microsoft Visual Studio Solution File, Format Version 12.00
# Visual Studio 14
VisualStudioVersion = 14.0.23107.0
MinimumVisualStudioVersion = 10.0.40219.1
Project("{FAE04EC0-301F-11D3-BF4B-00C04F79EFBC}") = "Day01", "Day01\Day01.csproj", "{57F70DD6-6616-4F3B-B561-DC16F717289A}"
EndProject
Project("{FAE04EC0-301F-11D3-BF4B-00C04F79EFBC}") = "Day02", "Day02\Day02.csproj", "{42593F64-ED8A-46BA-849A-09A67C0732A0}"
EndProject
Project("{FAE04EC0-301F-11D3-BF4B-00C04F79EFBC}") = "Day03", "Day03\Day03.csproj", "{B103188E-D2E6-4A73-B85D-DC6C42138006}"
EndProject
Project("{FAE04EC0-301F-11D3-BF4B-00C04F79EFBC}") = "Day04", "Day04\Day04.csproj", "{59122C6B-8CB4-4C45-9B6E-565EAFAD6688}"
EndProject
Project("{FAE04EC0-301F-11D3-BF4B-00C04F79EFBC}") = "Day05", "Day05\Day05.csproj", "{6D7F9288-B454-49FC-896C-FF76214193DD}"
EndProject
Project("{FAE04EC0-301F-11D3-BF4B-00C04F79EFBC}") = "Day06", "Day06\Day06.csproj", "{E986A4AA-780C-4686-910C-6B9854F34F92}"
EndProject
Global
	GlobalSection(SolutionConfigurationPlatforms) = preSolution
		Debug|Any CPU = Debug|Any CPU
		Release|Any CPU = Release|Any CPU
	EndGlobalSection
	GlobalSection(ProjectConfigurationPlatforms) = postSolution
		{57F70DD6-6616-4F3B-B561-DC16F717289A}.Debug|Any CPU.ActiveCfg = Debug|Any CPU
		{57F70DD6-6616-4F3B-B561-DC16F717289A}.Debug|Any CPU.Build.0 = Debug|Any CPU
		{57F70DD6-6616-4F3B-B561-DC16F717289A}.Release|Any CPU.ActiveCfg = Release|Any CPU
		{57F70DD6-6616-4F3B-B561-DC16F717289A}.Release|Any CPU.Build.0 = Release|Any CPU
		{42593F64-ED8A-46BA-849A-09A67C0732A0}.Debug|Any CPU.ActiveCfg = Debug|Any CPU
		{42593F64-ED8A-46BA-849A-09A67C0732A0}.Debug|Any CPU.Build.0 = Debug|Any CPU
		{42593F64-ED8A-46BA-849A-09A67C0732A0}.Release|Any CPU.ActiveCfg = Release|Any CPU
		{42593F64-ED8A-46BA-849A-09A67C0732A0}.Release|Any CPU.Build.0 = Release|Any CPU
		{B103188E-D2E6-4A73-B85D-DC6C42138006}.Debug|Any CPU.ActiveCfg = Debug|Any CPU
		{B103188E-D2E6-4A73-B85D-DC6C42138006}.Debug|Any CPU.Build.0 = Debug|Any CPU
		{B103188E-D2E6-4A73-B85D-DC6C42138006}.Release|Any CPU.ActiveCfg = Release|Any CPU
		{B103188E-D2E6-4A73-B85D-DC6C42138006}.Release|Any CPU.Build.0 = Release|Any CPU
		{59122C6B-8CB4-4C45-9B6E-565EAFAD6688}.Debug|Any CPU.ActiveCfg = Debug|Any CPU
		{59122C6B-8CB4-4C45-9B6E-565EAFAD6688}.Debug|Any CPU.Build.0 = Debug|Any CPU
		{59122C6B-8CB4-4C45-9B6E-565EAFAD6688}.Release|Any CPU.ActiveCfg = Release|Any CPU
		{59122C6B-8CB4-4C45-9B6E-565EAFAD6688}.Release|Any CPU.Build.0 = Release|Any CPU
		{6D7F9288-B454-49FC-896C-FF76214193DD}.Debug|Any CPU.ActiveCfg = Debug|Any CPU
		{6D7F9288-B454-49FC-896C-FF76214193DD}.Debug|Any CPU.Build.0 = Debug|Any CPU
		{6D7F9288-B454-49FC-896C-FF76214193DD}.Release|Any CPU.ActiveCfg = Release|Any CPU
		{6D7F9288-B454-49FC-896C-FF76214193DD}.Release|Any CPU.Build.0 = Release|Any CPU
		{E986A4AA-780C-4686-910C-6B9854F34F92}.Debug|Any CPU.ActiveCfg = Debug|Any CPU
		{E986A4AA-780C-4686-910C-6B9854F34F92}.Debug|Any CPU.Build.0 = Debug|Any CPU
		{E986A4AA-780C-4686-910C-6B9854F34F92}.Release|Any CPU.ActiveCfg = Release|Any CPU
		{E986A4AA-780C-4686-910C-6B9854F34F92}.Release|Any CPU.Build.0 = Release|Any CPU
	EndGlobalSection
	GlobalSection(SolutionProperties) = preSolution
		HideSolutionNode = FALSE
	EndGlobalSection
EndGlobal
