
Microsoft Visual Studio Solution File, Format Version 12.00
# Visual Studio 14
VisualStudioVersion = 14.0.24720.0
MinimumVisualStudioVersion = 10.0.40219.1
Project("{FAE04EC0-301F-11D3-BF4B-00C04F79EFBC}") = "Day01", "Day01\Day01.csproj", "{57F70DD6-6616-4F3B-B561-DC16F717289A}"
EndProject
Project("{FAE04EC0-301F-11D3-BF4B-00C04F79EFBC}") = "Day02", "Day02\Day02.csproj", "{42593F64-ED8A-46BA-849A-09A67C0732A0}"
EndProject
Project("{FAE04EC0-301F-11D3-BF4B-00C04F79EFBC}") = "Day03", "Day03\Day03.csproj", "{B103188E-D2E6-4A73-B85D-DC6C42138006}"
EndProject
Project("{FAE04EC0-301F-11D3-BF4B-00C04F79EFBC}") = "Day04", "Day04\Day04.csproj", "{59122C6B-8CB4-4C45-9B6E-565EAFAD6688}"
EndProject
Project("{FAE04EC0-301F-11D3-BF4B-00C04F79EFBC}") = "Day05", "Day05\Day05.csproj", "{6D7F9288-B454-49FC-896C-FF76214193DD}"
EndProject
Project("{FAE04EC0-301F-11D3-BF4B-00C04F79EFBC}") = "Day06", "Day06\Day06.csproj", "{E986A4AA-780C-4686-910C-6B9854F34F92}"
EndProject
Project("{FAE04EC0-301F-11D3-BF4B-00C04F79EFBC}") = "Day07", "Day07\Day07.csproj", "{72BAD78D-F0FC-466F-99E8-C63E14D483F8}"
EndProject
Project("{FAE04EC0-301F-11D3-BF4B-00C04F79EFBC}") = "Day08", "Day08\Day08.csproj", "{351DFCB7-B329-4109-A678-754D6893FFC9}"
EndProject
Project("{FAE04EC0-301F-11D3-BF4B-00C04F79EFBC}") = "Day09", "Day09\Day09.csproj", "{A4C9E0B8-3D9F-4AE0-B9C0-CEB150706BCE}"
EndProject
Project("{FAE04EC0-301F-11D3-BF4B-00C04F79EFBC}") = "Day10", "Day10\Day10.csproj", "{D32EFB37-3BDC-4976-9CDE-CBAEC26C44E7}"
EndProject
Project("{FAE04EC0-301F-11D3-BF4B-00C04F79EFBC}") = "Day11", "Day11\Day11.csproj", "{08EC23F8-FE5E-4243-ACEC-8D3F4C453ACF}"
EndProject
Project("{FAE04EC0-301F-11D3-BF4B-00C04F79EFBC}") = "Day12", "Day12\Day12.csproj", "{F48D8FF1-7798-4590-9565-B2107BB7B416}"
EndProject
Project("{FAE04EC0-301F-11D3-BF4B-00C04F79EFBC}") = "Day13", "Day13\Day13.csproj", "{EE42BA47-E953-40F2-A79E-A245F02819B4}"
EndProject
Project("{FAE04EC0-301F-11D3-BF4B-00C04F79EFBC}") = "Day14", "Day14\Day14.csproj", "{1C3190C3-BF05-4334-92D7-DD77D0FDA363}"
EndProject
Project("{FAE04EC0-301F-11D3-BF4B-00C04F79EFBC}") = "Day15", "Day15\Day15.csproj", "{9F1E772E-A217-45B1-B6DD-343FBE73520C}"
EndProject
Project("{FAE04EC0-301F-11D3-BF4B-00C04F79EFBC}") = "Day16", "Day16\Day16.csproj", "{385DC564-72FE-45A7-A87A-0A54025DE335}"
EndProject
Project("{FAE04EC0-301F-11D3-BF4B-00C04F79EFBC}") = "Day17", "Day17\Day17.csproj", "{D83ED538-A2FD-4A18-BCC0-6C7B505921AA}"
EndProject
Project("{FAE04EC0-301F-11D3-BF4B-00C04F79EFBC}") = "Day18", "Day18\Day18.csproj", "{370843FE-A1BE-4031-BEBC-A317405486AE}"
EndProject
Project("{FAE04EC0-301F-11D3-BF4B-00C04F79EFBC}") = "Day19", "Day19\Day19.csproj", "{87026C24-BC55-4FC9-AE8E-6A9B4AC20792}"
EndProject
Project("{FAE04EC0-301F-11D3-BF4B-00C04F79EFBC}") = "Day20", "Day20\Day20.csproj", "{C3008BB9-45F4-4AF2-B139-8E9DF1076170}"
EndProject
Project("{FAE04EC0-301F-11D3-BF4B-00C04F79EFBC}") = "Day21", "Day21\Day21.csproj", "{30E1CF24-13F6-415A-AFB0-B36807FABF21}"
EndProject
Project("{FAE04EC0-301F-11D3-BF4B-00C04F79EFBC}") = "Day22", "Day22\Day22.csproj", "{419DA762-5931-424D-89EF-2D80FCA7C0FD}"
EndProject
Project("{FAE04EC0-301F-11D3-BF4B-00C04F79EFBC}") = "Day23", "Day23\Day23.csproj", "{E1C3A25A-6EDB-4FB9-9DF3-F783B383790C}"
EndProject
Project("{FAE04EC0-301F-11D3-BF4B-00C04F79EFBC}") = "Day24", "Day24\Day24.csproj", "{E3DD8E93-48E9-4CBB-B1FA-ACC0515884BE}"
EndProject
Global
	GlobalSection(SolutionConfigurationPlatforms) = preSolution
		Debug|Any CPU = Debug|Any CPU
		Release|Any CPU = Release|Any CPU
	EndGlobalSection
	GlobalSection(ProjectConfigurationPlatforms) = postSolution
		{57F70DD6-6616-4F3B-B561-DC16F717289A}.Debug|Any CPU.ActiveCfg = Debug|Any CPU
		{57F70DD6-6616-4F3B-B561-DC16F717289A}.Debug|Any CPU.Build.0 = Debug|Any CPU
		{57F70DD6-6616-4F3B-B561-DC16F717289A}.Release|Any CPU.ActiveCfg = Release|Any CPU
		{57F70DD6-6616-4F3B-B561-DC16F717289A}.Release|Any CPU.Build.0 = Release|Any CPU
		{42593F64-ED8A-46BA-849A-09A67C0732A0}.Debug|Any CPU.ActiveCfg = Debug|Any CPU
		{42593F64-ED8A-46BA-849A-09A67C0732A0}.Debug|Any CPU.Build.0 = Debug|Any CPU
		{42593F64-ED8A-46BA-849A-09A67C0732A0}.Release|Any CPU.ActiveCfg = Release|Any CPU
		{42593F64-ED8A-46BA-849A-09A67C0732A0}.Release|Any CPU.Build.0 = Release|Any CPU
		{B103188E-D2E6-4A73-B85D-DC6C42138006}.Debug|Any CPU.ActiveCfg = Debug|Any CPU
		{B103188E-D2E6-4A73-B85D-DC6C42138006}.Debug|Any CPU.Build.0 = Debug|Any CPU
		{B103188E-D2E6-4A73-B85D-DC6C42138006}.Release|Any CPU.ActiveCfg = Release|Any CPU
		{B103188E-D2E6-4A73-B85D-DC6C42138006}.Release|Any CPU.Build.0 = Release|Any CPU
		{59122C6B-8CB4-4C45-9B6E-565EAFAD6688}.Debug|Any CPU.ActiveCfg = Debug|Any CPU
		{59122C6B-8CB4-4C45-9B6E-565EAFAD6688}.Debug|Any CPU.Build.0 = Debug|Any CPU
		{59122C6B-8CB4-4C45-9B6E-565EAFAD6688}.Release|Any CPU.ActiveCfg = Release|Any CPU
		{59122C6B-8CB4-4C45-9B6E-565EAFAD6688}.Release|Any CPU.Build.0 = Release|Any CPU
		{6D7F9288-B454-49FC-896C-FF76214193DD}.Debug|Any CPU.ActiveCfg = Debug|Any CPU
		{6D7F9288-B454-49FC-896C-FF76214193DD}.Debug|Any CPU.Build.0 = Debug|Any CPU
		{6D7F9288-B454-49FC-896C-FF76214193DD}.Release|Any CPU.ActiveCfg = Release|Any CPU
		{6D7F9288-B454-49FC-896C-FF76214193DD}.Release|Any CPU.Build.0 = Release|Any CPU
		{E986A4AA-780C-4686-910C-6B9854F34F92}.Debug|Any CPU.ActiveCfg = Debug|Any CPU
		{E986A4AA-780C-4686-910C-6B9854F34F92}.Debug|Any CPU.Build.0 = Debug|Any CPU
		{E986A4AA-780C-4686-910C-6B9854F34F92}.Release|Any CPU.ActiveCfg = Release|Any CPU
		{E986A4AA-780C-4686-910C-6B9854F34F92}.Release|Any CPU.Build.0 = Release|Any CPU
		{72BAD78D-F0FC-466F-99E8-C63E14D483F8}.Debug|Any CPU.ActiveCfg = Debug|Any CPU
		{72BAD78D-F0FC-466F-99E8-C63E14D483F8}.Debug|Any CPU.Build.0 = Debug|Any CPU
		{72BAD78D-F0FC-466F-99E8-C63E14D483F8}.Release|Any CPU.ActiveCfg = Release|Any CPU
		{72BAD78D-F0FC-466F-99E8-C63E14D483F8}.Release|Any CPU.Build.0 = Release|Any CPU
		{351DFCB7-B329-4109-A678-754D6893FFC9}.Debug|Any CPU.ActiveCfg = Debug|Any CPU
		{351DFCB7-B329-4109-A678-754D6893FFC9}.Debug|Any CPU.Build.0 = Debug|Any CPU
		{351DFCB7-B329-4109-A678-754D6893FFC9}.Release|Any CPU.ActiveCfg = Release|Any CPU
		{351DFCB7-B329-4109-A678-754D6893FFC9}.Release|Any CPU.Build.0 = Release|Any CPU
		{A4C9E0B8-3D9F-4AE0-B9C0-CEB150706BCE}.Debug|Any CPU.ActiveCfg = Debug|Any CPU
		{A4C9E0B8-3D9F-4AE0-B9C0-CEB150706BCE}.Debug|Any CPU.Build.0 = Debug|Any CPU
		{A4C9E0B8-3D9F-4AE0-B9C0-CEB150706BCE}.Release|Any CPU.ActiveCfg = Release|Any CPU
		{A4C9E0B8-3D9F-4AE0-B9C0-CEB150706BCE}.Release|Any CPU.Build.0 = Release|Any CPU
		{D32EFB37-3BDC-4976-9CDE-CBAEC26C44E7}.Debug|Any CPU.ActiveCfg = Debug|Any CPU
		{D32EFB37-3BDC-4976-9CDE-CBAEC26C44E7}.Debug|Any CPU.Build.0 = Debug|Any CPU
		{D32EFB37-3BDC-4976-9CDE-CBAEC26C44E7}.Release|Any CPU.ActiveCfg = Release|Any CPU
		{D32EFB37-3BDC-4976-9CDE-CBAEC26C44E7}.Release|Any CPU.Build.0 = Release|Any CPU
		{08EC23F8-FE5E-4243-ACEC-8D3F4C453ACF}.Debug|Any CPU.ActiveCfg = Debug|Any CPU
		{08EC23F8-FE5E-4243-ACEC-8D3F4C453ACF}.Debug|Any CPU.Build.0 = Debug|Any CPU
		{08EC23F8-FE5E-4243-ACEC-8D3F4C453ACF}.Release|Any CPU.ActiveCfg = Release|Any CPU
		{08EC23F8-FE5E-4243-ACEC-8D3F4C453ACF}.Release|Any CPU.Build.0 = Release|Any CPU
		{F48D8FF1-7798-4590-9565-B2107BB7B416}.Debug|Any CPU.ActiveCfg = Debug|Any CPU
		{F48D8FF1-7798-4590-9565-B2107BB7B416}.Debug|Any CPU.Build.0 = Debug|Any CPU
		{F48D8FF1-7798-4590-9565-B2107BB7B416}.Release|Any CPU.ActiveCfg = Release|Any CPU
		{F48D8FF1-7798-4590-9565-B2107BB7B416}.Release|Any CPU.Build.0 = Release|Any CPU
		{EE42BA47-E953-40F2-A79E-A245F02819B4}.Debug|Any CPU.ActiveCfg = Debug|Any CPU
		{EE42BA47-E953-40F2-A79E-A245F02819B4}.Debug|Any CPU.Build.0 = Debug|Any CPU
		{EE42BA47-E953-40F2-A79E-A245F02819B4}.Release|Any CPU.ActiveCfg = Release|Any CPU
		{EE42BA47-E953-40F2-A79E-A245F02819B4}.Release|Any CPU.Build.0 = Release|Any CPU
		{1C3190C3-BF05-4334-92D7-DD77D0FDA363}.Debug|Any CPU.ActiveCfg = Debug|Any CPU
		{1C3190C3-BF05-4334-92D7-DD77D0FDA363}.Debug|Any CPU.Build.0 = Debug|Any CPU
		{1C3190C3-BF05-4334-92D7-DD77D0FDA363}.Release|Any CPU.ActiveCfg = Release|Any CPU
		{1C3190C3-BF05-4334-92D7-DD77D0FDA363}.Release|Any CPU.Build.0 = Release|Any CPU
		{9F1E772E-A217-45B1-B6DD-343FBE73520C}.Debug|Any CPU.ActiveCfg = Debug|Any CPU
		{9F1E772E-A217-45B1-B6DD-343FBE73520C}.Debug|Any CPU.Build.0 = Debug|Any CPU
		{9F1E772E-A217-45B1-B6DD-343FBE73520C}.Release|Any CPU.ActiveCfg = Release|Any CPU
		{9F1E772E-A217-45B1-B6DD-343FBE73520C}.Release|Any CPU.Build.0 = Release|Any CPU
		{385DC564-72FE-45A7-A87A-0A54025DE335}.Debug|Any CPU.ActiveCfg = Debug|Any CPU
		{385DC564-72FE-45A7-A87A-0A54025DE335}.Debug|Any CPU.Build.0 = Debug|Any CPU
		{385DC564-72FE-45A7-A87A-0A54025DE335}.Release|Any CPU.ActiveCfg = Release|Any CPU
		{385DC564-72FE-45A7-A87A-0A54025DE335}.Release|Any CPU.Build.0 = Release|Any CPU
		{D83ED538-A2FD-4A18-BCC0-6C7B505921AA}.Debug|Any CPU.ActiveCfg = Debug|Any CPU
		{D83ED538-A2FD-4A18-BCC0-6C7B505921AA}.Debug|Any CPU.Build.0 = Debug|Any CPU
		{D83ED538-A2FD-4A18-BCC0-6C7B505921AA}.Release|Any CPU.ActiveCfg = Release|Any CPU
		{D83ED538-A2FD-4A18-BCC0-6C7B505921AA}.Release|Any CPU.Build.0 = Release|Any CPU
		{370843FE-A1BE-4031-BEBC-A317405486AE}.Debug|Any CPU.ActiveCfg = Debug|Any CPU
		{370843FE-A1BE-4031-BEBC-A317405486AE}.Debug|Any CPU.Build.0 = Debug|Any CPU
		{370843FE-A1BE-4031-BEBC-A317405486AE}.Release|Any CPU.ActiveCfg = Release|Any CPU
		{370843FE-A1BE-4031-BEBC-A317405486AE}.Release|Any CPU.Build.0 = Release|Any CPU
		{87026C24-BC55-4FC9-AE8E-6A9B4AC20792}.Debug|Any CPU.ActiveCfg = Debug|Any CPU
		{87026C24-BC55-4FC9-AE8E-6A9B4AC20792}.Debug|Any CPU.Build.0 = Debug|Any CPU
		{87026C24-BC55-4FC9-AE8E-6A9B4AC20792}.Release|Any CPU.ActiveCfg = Release|Any CPU
		{87026C24-BC55-4FC9-AE8E-6A9B4AC20792}.Release|Any CPU.Build.0 = Release|Any CPU
		{C3008BB9-45F4-4AF2-B139-8E9DF1076170}.Debug|Any CPU.ActiveCfg = Debug|Any CPU
		{C3008BB9-45F4-4AF2-B139-8E9DF1076170}.Debug|Any CPU.Build.0 = Debug|Any CPU
		{C3008BB9-45F4-4AF2-B139-8E9DF1076170}.Release|Any CPU.ActiveCfg = Release|Any CPU
		{C3008BB9-45F4-4AF2-B139-8E9DF1076170}.Release|Any CPU.Build.0 = Release|Any CPU
		{30E1CF24-13F6-415A-AFB0-B36807FABF21}.Debug|Any CPU.ActiveCfg = Debug|Any CPU
		{30E1CF24-13F6-415A-AFB0-B36807FABF21}.Debug|Any CPU.Build.0 = Debug|Any CPU
		{30E1CF24-13F6-415A-AFB0-B36807FABF21}.Release|Any CPU.ActiveCfg = Release|Any CPU
		{30E1CF24-13F6-415A-AFB0-B36807FABF21}.Release|Any CPU.Build.0 = Release|Any CPU
		{419DA762-5931-424D-89EF-2D80FCA7C0FD}.Debug|Any CPU.ActiveCfg = Debug|Any CPU
		{419DA762-5931-424D-89EF-2D80FCA7C0FD}.Debug|Any CPU.Build.0 = Debug|Any CPU
		{419DA762-5931-424D-89EF-2D80FCA7C0FD}.Release|Any CPU.ActiveCfg = Release|Any CPU
		{419DA762-5931-424D-89EF-2D80FCA7C0FD}.Release|Any CPU.Build.0 = Release|Any CPU
		{E1C3A25A-6EDB-4FB9-9DF3-F783B383790C}.Debug|Any CPU.ActiveCfg = Debug|Any CPU
		{E1C3A25A-6EDB-4FB9-9DF3-F783B383790C}.Debug|Any CPU.Build.0 = Debug|Any CPU
		{E1C3A25A-6EDB-4FB9-9DF3-F783B383790C}.Release|Any CPU.ActiveCfg = Release|Any CPU
		{E1C3A25A-6EDB-4FB9-9DF3-F783B383790C}.Release|Any CPU.Build.0 = Release|Any CPU
		{E3DD8E93-48E9-4CBB-B1FA-ACC0515884BE}.Debug|Any CPU.ActiveCfg = Debug|Any CPU
		{E3DD8E93-48E9-4CBB-B1FA-ACC0515884BE}.Debug|Any CPU.Build.0 = Debug|Any CPU
		{E3DD8E93-48E9-4CBB-B1FA-ACC0515884BE}.Release|Any CPU.ActiveCfg = Release|Any CPU
		{E3DD8E93-48E9-4CBB-B1FA-ACC0515884BE}.Release|Any CPU.Build.0 = Release|Any CPU
	EndGlobalSection
	GlobalSection(SolutionProperties) = preSolution
		HideSolutionNode = FALSE
	EndGlobalSection
	GlobalSection(MonoDevelopProperties) = preSolution
		Policies = $0
		$0.TextStylePolicy = $1
		$1.FileWidth = 120
		$1.TabWidth = 2
		$1.IndentWidth = 2
		$1.inheritsSet = Mono
		$1.inheritsScope = text/plain
		$1.scope = text/x-csharp
		$0.CSharpFormattingPolicy = $2
		$2.IndentSwitchBody = True
		$2.NamespaceBraceStyle = EndOfLine
		$2.ClassBraceStyle = EndOfLine
		$2.InterfaceBraceStyle = EndOfLine
		$2.StructBraceStyle = EndOfLine
		$2.EnumBraceStyle = EndOfLine
		$2.MethodBraceStyle = EndOfLine
		$2.ConstructorBraceStyle = EndOfLine
		$2.DestructorBraceStyle = EndOfLine
		$2.BeforeMethodDeclarationParentheses = False
		$2.BeforeMethodCallParentheses = False
		$2.BeforeConstructorDeclarationParentheses = False
		$2.BeforeIndexerDeclarationBracket = False
		$2.BeforeDelegateDeclarationParentheses = False
		$2.AfterDelegateDeclarationParameterComma = True
		$2.NewParentheses = False
		$2.IfParentheses = False
		$2.WhileParentheses = False
		$2.ForParentheses = False
		$2.CatchParentheses = False
		$2.SwitchParentheses = False
		$2.LockParentheses = False
		$2.UsingParentheses = False
		$2.SpacesBeforeBrackets = False
		$2.inheritsSet = Mono
		$2.inheritsScope = text/x-csharp
		$2.scope = text/x-csharp
	EndGlobalSection
EndGlobal
